// !$*UTF8*$!
{
	archiveVersion = 1;
	classes = {
	};
	objectVersion = 46;
	objects = {

/* Begin PBXBuildFile section */
		74A8C6BD1F1A1DF300FA1726 /* main.m in Sources */ = {isa = PBXBuildFile; fileRef = 74A8C6BC1F1A1DF300FA1726 /* main.m */; };
		74A8C6C01F1A1DF300FA1726 /* AppDelegate.m in Sources */ = {isa = PBXBuildFile; fileRef = 74A8C6BF1F1A1DF300FA1726 /* AppDelegate.m */; };
		74A8C6C31F1A1DF300FA1726 /* ViewController.m in Sources */ = {isa = PBXBuildFile; fileRef = 74A8C6C21F1A1DF300FA1726 /* ViewController.m */; };
		74A8C6C61F1A1DF300FA1726 /* Main.storyboard in Resources */ = {isa = PBXBuildFile; fileRef = 74A8C6C41F1A1DF300FA1726 /* Main.storyboard */; };
		74A8C6C81F1A1DF300FA1726 /* Assets.xcassets in Resources */ = {isa = PBXBuildFile; fileRef = 74A8C6C71F1A1DF300FA1726 /* Assets.xcassets */; };
		74A8C6CB1F1A1DF300FA1726 /* LaunchScreen.storyboard in Resources */ = {isa = PBXBuildFile; fileRef = 74A8C6C91F1A1DF300FA1726 /* LaunchScreen.storyboard */; };
		74A8C6F91F1A1F1000FA1726 /* NSArray+HHZCategory.m in Sources */ = {isa = PBXBuildFile; fileRef = 74A8C6D41F1A1F1000FA1726 /* NSArray+HHZCategory.m */; };
		74A8C6FA1F1A1F1000FA1726 /* NSDictionary+HHZCategory.m in Sources */ = {isa = PBXBuildFile; fileRef = 74A8C6D61F1A1F1000FA1726 /* NSDictionary+HHZCategory.m */; };
		74A8C6FB1F1A1F1000FA1726 /* NSException+HHZCategory.m in Sources */ = {isa = PBXBuildFile; fileRef = 74A8C6D81F1A1F1000FA1726 /* NSException+HHZCategory.m */; };
		74A8C6FC1F1A1F1000FA1726 /* NSNotificationCenter+Category.m in Sources */ = {isa = PBXBuildFile; fileRef = 74A8C6DA1F1A1F1000FA1726 /* NSNotificationCenter+Category.m */; };
		74A8C6FD1F1A1F1000FA1726 /* NSNull+HHZCategory.m in Sources */ = {isa = PBXBuildFile; fileRef = 74A8C6DC1F1A1F1000FA1726 /* NSNull+HHZCategory.m */; };
		74A8C6FE1F1A1F1000FA1726 /* NSNumber+HHZCategory.m in Sources */ = {isa = PBXBuildFile; fileRef = 74A8C6DE1F1A1F1000FA1726 /* NSNumber+HHZCategory.m */; };
		74A8C6FF1F1A1F1000FA1726 /* NSObject+HHZCategory.m in Sources */ = {isa = PBXBuildFile; fileRef = 74A8C6E01F1A1F1000FA1726 /* NSObject+HHZCategory.m */; };
		74A8C7001F1A1F1000FA1726 /* NSString+HHZCategory.m in Sources */ = {isa = PBXBuildFile; fileRef = 74A8C6E21F1A1F1000FA1726 /* NSString+HHZCategory.m */; };
		74A8C7011F1A1F1000FA1726 /* NSTimer+HHZCategory.m in Sources */ = {isa = PBXBuildFile; fileRef = 74A8C6E41F1A1F1000FA1726 /* NSTimer+HHZCategory.m */; };
		74A8C7021F1A1F1000FA1726 /* SDWebImageDownloaderOperation+HHZCategory.m in Sources */ = {isa = PBXBuildFile; fileRef = 74A8C6E71F1A1F1000FA1726 /* SDWebImageDownloaderOperation+HHZCategory.m */; };
		74A8C7031F1A1F1000FA1726 /* UIButton+HHZCategory.m in Sources */ = {isa = PBXBuildFile; fileRef = 74A8C6EA1F1A1F1000FA1726 /* UIButton+HHZCategory.m */; };
		74A8C7041F1A1F1000FA1726 /* UIColor+HHZCategory.m in Sources */ = {isa = PBXBuildFile; fileRef = 74A8C6EC1F1A1F1000FA1726 /* UIColor+HHZCategory.m */; };
		74A8C7051F1A1F1000FA1726 /* UIImage+HHZCategory.m in Sources */ = {isa = PBXBuildFile; fileRef = 74A8C6EE1F1A1F1000FA1726 /* UIImage+HHZCategory.m */; };
		74A8C7061F1A1F1000FA1726 /* UIImageView+HHZCategory.m in Sources */ = {isa = PBXBuildFile; fileRef = 74A8C6F01F1A1F1000FA1726 /* UIImageView+HHZCategory.m */; };
		74A8C7071F1A1F1000FA1726 /* UILabel+HHZCategory.m in Sources */ = {isa = PBXBuildFile; fileRef = 74A8C6F21F1A1F1000FA1726 /* UILabel+HHZCategory.m */; };
		74A8C7081F1A1F1000FA1726 /* UIScreen+Category.m in Sources */ = {isa = PBXBuildFile; fileRef = 74A8C6F41F1A1F1000FA1726 /* UIScreen+Category.m */; };
		74A8C7091F1A1F1000FA1726 /* UITableView+HHZCategory.m in Sources */ = {isa = PBXBuildFile; fileRef = 74A8C6F61F1A1F1000FA1726 /* UITableView+HHZCategory.m */; };
		74A8C70A1F1A1F1000FA1726 /* UIView+HHZCategory.m in Sources */ = {isa = PBXBuildFile; fileRef = 74A8C6F81F1A1F1000FA1726 /* UIView+HHZCategory.m */; };
		A1ADD4E08D508D6DEAD442DA /* libPods-HHZCategory.a in Frameworks */ = {isa = PBXBuildFile; fileRef = 8939AFA82C4F1B5D406FDEC2 /* libPods-HHZCategory.a */; };
/* End PBXBuildFile section */

/* Begin PBXFileReference section */
		4C23CA547AB9843469BE6BF9 /* Pods-HHZCategory.release.xcconfig */ = {isa = PBXFileReference; includeInIndex = 1; lastKnownFileType = text.xcconfig; name = "Pods-HHZCategory.release.xcconfig"; path = "Pods/Target Support Files/Pods-HHZCategory/Pods-HHZCategory.release.xcconfig"; sourceTree = "<group>"; };
		74A8C6B81F1A1DF300FA1726 /* HHZCategory.app */ = {isa = PBXFileReference; explicitFileType = wrapper.application; includeInIndex = 0; path = HHZCategory.app; sourceTree = BUILT_PRODUCTS_DIR; };
		74A8C6BC1F1A1DF300FA1726 /* main.m */ = {isa = PBXFileReference; lastKnownFileType = sourcecode.c.objc; path = main.m; sourceTree = "<group>"; };
		74A8C6BE1F1A1DF300FA1726 /* AppDelegate.h */ = {isa = PBXFileReference; lastKnownFileType = sourcecode.c.h; path = AppDelegate.h; sourceTree = "<group>"; };
		74A8C6BF1F1A1DF300FA1726 /* AppDelegate.m */ = {isa = PBXFileReference; lastKnownFileType = sourcecode.c.objc; path = AppDelegate.m; sourceTree = "<group>"; };
		74A8C6C11F1A1DF300FA1726 /* ViewController.h */ = {isa = PBXFileReference; lastKnownFileType = sourcecode.c.h; path = ViewController.h; sourceTree = "<group>"; };
		74A8C6C21F1A1DF300FA1726 /* ViewController.m */ = {isa = PBXFileReference; lastKnownFileType = sourcecode.c.objc; path = ViewController.m; sourceTree = "<group>"; };
		74A8C6C51F1A1DF300FA1726 /* Base */ = {isa = PBXFileReference; lastKnownFileType = file.storyboard; name = Base; path = Base.lproj/Main.storyboard; sourceTree = "<group>"; };
		74A8C6C71F1A1DF300FA1726 /* Assets.xcassets */ = {isa = PBXFileReference; lastKnownFileType = folder.assetcatalog; path = Assets.xcassets; sourceTree = "<group>"; };
		74A8C6CA1F1A1DF300FA1726 /* Base */ = {isa = PBXFileReference; lastKnownFileType = file.storyboard; name = Base; path = Base.lproj/LaunchScreen.storyboard; sourceTree = "<group>"; };
		74A8C6CC1F1A1DF300FA1726 /* Info.plist */ = {isa = PBXFileReference; lastKnownFileType = text.plist.xml; path = Info.plist; sourceTree = "<group>"; };
		74A8C6D31F1A1F1000FA1726 /* NSArray+HHZCategory.h */ = {isa = PBXFileReference; fileEncoding = 4; lastKnownFileType = sourcecode.c.h; path = "NSArray+HHZCategory.h"; sourceTree = "<group>"; };
		74A8C6D41F1A1F1000FA1726 /* NSArray+HHZCategory.m */ = {isa = PBXFileReference; fileEncoding = 4; lastKnownFileType = sourcecode.c.objc; path = "NSArray+HHZCategory.m"; sourceTree = "<group>"; };
		74A8C6D51F1A1F1000FA1726 /* NSDictionary+HHZCategory.h */ = {isa = PBXFileReference; fileEncoding = 4; lastKnownFileType = sourcecode.c.h; path = "NSDictionary+HHZCategory.h"; sourceTree = "<group>"; };
		74A8C6D61F1A1F1000FA1726 /* NSDictionary+HHZCategory.m */ = {isa = PBXFileReference; fileEncoding = 4; lastKnownFileType = sourcecode.c.objc; path = "NSDictionary+HHZCategory.m"; sourceTree = "<group>"; };
		74A8C6D71F1A1F1000FA1726 /* NSException+HHZCategory.h */ = {isa = PBXFileReference; fileEncoding = 4; lastKnownFileType = sourcecode.c.h; path = "NSException+HHZCategory.h"; sourceTree = "<group>"; };
		74A8C6D81F1A1F1000FA1726 /* NSException+HHZCategory.m */ = {isa = PBXFileReference; fileEncoding = 4; lastKnownFileType = sourcecode.c.objc; path = "NSException+HHZCategory.m"; sourceTree = "<group>"; };
		74A8C6D91F1A1F1000FA1726 /* NSNotificationCenter+Category.h */ = {isa = PBXFileReference; fileEncoding = 4; lastKnownFileType = sourcecode.c.h; path = "NSNotificationCenter+Category.h"; sourceTree = "<group>"; };
		74A8C6DA1F1A1F1000FA1726 /* NSNotificationCenter+Category.m */ = {isa = PBXFileReference; fileEncoding = 4; lastKnownFileType = sourcecode.c.objc; path = "NSNotificationCenter+Category.m"; sourceTree = "<group>"; };
		74A8C6DB1F1A1F1000FA1726 /* NSNull+HHZCategory.h */ = {isa = PBXFileReference; fileEncoding = 4; lastKnownFileType = sourcecode.c.h; path = "NSNull+HHZCategory.h"; sourceTree = "<group>"; };
		74A8C6DC1F1A1F1000FA1726 /* NSNull+HHZCategory.m */ = {isa = PBXFileReference; fileEncoding = 4; lastKnownFileType = sourcecode.c.objc; path = "NSNull+HHZCategory.m"; sourceTree = "<group>"; };
		74A8C6DD1F1A1F1000FA1726 /* NSNumber+HHZCategory.h */ = {isa = PBXFileReference; fileEncoding = 4; lastKnownFileType = sourcecode.c.h; path = "NSNumber+HHZCategory.h"; sourceTree = "<group>"; };
		74A8C6DE1F1A1F1000FA1726 /* NSNumber+HHZCategory.m */ = {isa = PBXFileReference; fileEncoding = 4; lastKnownFileType = sourcecode.c.objc; path = "NSNumber+HHZCategory.m"; sourceTree = "<group>"; };
		74A8C6DF1F1A1F1000FA1726 /* NSObject+HHZCategory.h */ = {isa = PBXFileReference; fileEncoding = 4; lastKnownFileType = sourcecode.c.h; path = "NSObject+HHZCategory.h"; sourceTree = "<group>"; };
		74A8C6E01F1A1F1000FA1726 /* NSObject+HHZCategory.m */ = {isa = PBXFileReference; fileEncoding = 4; lastKnownFileType = sourcecode.c.objc; path = "NSObject+HHZCategory.m"; sourceTree = "<group>"; };
		74A8C6E11F1A1F1000FA1726 /* NSString+HHZCategory.h */ = {isa = PBXFileReference; fileEncoding = 4; lastKnownFileType = sourcecode.c.h; path = "NSString+HHZCategory.h"; sourceTree = "<group>"; };
		74A8C6E21F1A1F1000FA1726 /* NSString+HHZCategory.m */ = {isa = PBXFileReference; fileEncoding = 4; lastKnownFileType = sourcecode.c.objc; path = "NSString+HHZCategory.m"; sourceTree = "<group>"; };
		74A8C6E31F1A1F1000FA1726 /* NSTimer+HHZCategory.h */ = {isa = PBXFileReference; fileEncoding = 4; lastKnownFileType = sourcecode.c.h; path = "NSTimer+HHZCategory.h"; sourceTree = "<group>"; };
		74A8C6E41F1A1F1000FA1726 /* NSTimer+HHZCategory.m */ = {isa = PBXFileReference; fileEncoding = 4; lastKnownFileType = sourcecode.c.objc; path = "NSTimer+HHZCategory.m"; sourceTree = "<group>"; };
		74A8C6E61F1A1F1000FA1726 /* SDWebImageDownloaderOperation+HHZCategory.h */ = {isa = PBXFileReference; fileEncoding = 4; lastKnownFileType = sourcecode.c.h; path = "SDWebImageDownloaderOperation+HHZCategory.h"; sourceTree = "<group>"; };
		74A8C6E71F1A1F1000FA1726 /* SDWebImageDownloaderOperation+HHZCategory.m */ = {isa = PBXFileReference; fileEncoding = 4; lastKnownFileType = sourcecode.c.objc; path = "SDWebImageDownloaderOperation+HHZCategory.m"; sourceTree = "<group>"; };
		74A8C6E91F1A1F1000FA1726 /* UIButton+HHZCategory.h */ = {isa = PBXFileReference; fileEncoding = 4; lastKnownFileType = sourcecode.c.h; path = "UIButton+HHZCategory.h"; sourceTree = "<group>"; };
		74A8C6EA1F1A1F1000FA1726 /* UIButton+HHZCategory.m */ = {isa = PBXFileReference; fileEncoding = 4; lastKnownFileType = sourcecode.c.objc; path = "UIButton+HHZCategory.m"; sourceTree = "<group>"; };
		74A8C6EB1F1A1F1000FA1726 /* UIColor+HHZCategory.h */ = {isa = PBXFileReference; fileEncoding = 4; lastKnownFileType = sourcecode.c.h; path = "UIColor+HHZCategory.h"; sourceTree = "<group>"; };
		74A8C6EC1F1A1F1000FA1726 /* UIColor+HHZCategory.m */ = {isa = PBXFileReference; fileEncoding = 4; lastKnownFileType = sourcecode.c.objc; path = "UIColor+HHZCategory.m"; sourceTree = "<group>"; };
		74A8C6ED1F1A1F1000FA1726 /* UIImage+HHZCategory.h */ = {isa = PBXFileReference; fileEncoding = 4; lastKnownFileType = sourcecode.c.h; path = "UIImage+HHZCategory.h"; sourceTree = "<group>"; };
		74A8C6EE1F1A1F1000FA1726 /* UIImage+HHZCategory.m */ = {isa = PBXFileReference; fileEncoding = 4; lastKnownFileType = sourcecode.c.objc; path = "UIImage+HHZCategory.m"; sourceTree = "<group>"; };
		74A8C6EF1F1A1F1000FA1726 /* UIImageView+HHZCategory.h */ = {isa = PBXFileReference; fileEncoding = 4; lastKnownFileType = sourcecode.c.h; path = "UIImageView+HHZCategory.h"; sourceTree = "<group>"; };
		74A8C6F01F1A1F1000FA1726 /* UIImageView+HHZCategory.m */ = {isa = PBXFileReference; fileEncoding = 4; lastKnownFileType = sourcecode.c.objc; path = "UIImageView+HHZCategory.m"; sourceTree = "<group>"; };
		74A8C6F11F1A1F1000FA1726 /* UILabel+HHZCategory.h */ = {isa = PBXFileReference; fileEncoding = 4; lastKnownFileType = sourcecode.c.h; path = "UILabel+HHZCategory.h"; sourceTree = "<group>"; };
		74A8C6F21F1A1F1000FA1726 /* UILabel+HHZCategory.m */ = {isa = PBXFileReference; fileEncoding = 4; lastKnownFileType = sourcecode.c.objc; path = "UILabel+HHZCategory.m"; sourceTree = "<group>"; };
		74A8C6F31F1A1F1000FA1726 /* UIScreen+Category.h */ = {isa = PBXFileReference; fileEncoding = 4; lastKnownFileType = sourcecode.c.h; path = "UIScreen+Category.h"; sourceTree = "<group>"; };
		74A8C6F41F1A1F1000FA1726 /* UIScreen+Category.m */ = {isa = PBXFileReference; fileEncoding = 4; lastKnownFileType = sourcecode.c.objc; path = "UIScreen+Category.m"; sourceTree = "<group>"; };
		74A8C6F51F1A1F1000FA1726 /* UITableView+HHZCategory.h */ = {isa = PBXFileReference; fileEncoding = 4; lastKnownFileType = sourcecode.c.h; path = "UITableView+HHZCategory.h"; sourceTree = "<group>"; };
		74A8C6F61F1A1F1000FA1726 /* UITableView+HHZCategory.m */ = {isa = PBXFileReference; fileEncoding = 4; lastKnownFileType = sourcecode.c.objc; path = "UITableView+HHZCategory.m"; sourceTree = "<group>"; };
		74A8C6F71F1A1F1000FA1726 /* UIView+HHZCategory.h */ = {isa = PBXFileReference; fileEncoding = 4; lastKnownFileType = sourcecode.c.h; path = "UIView+HHZCategory.h"; sourceTree = "<group>"; };
		74A8C6F81F1A1F1000FA1726 /* UIView+HHZCategory.m */ = {isa = PBXFileReference; fileEncoding = 4; lastKnownFileType = sourcecode.c.objc; path = "UIView+HHZCategory.m"; sourceTree = "<group>"; };
		8939AFA82C4F1B5D406FDEC2 /* libPods-HHZCategory.a */ = {isa = PBXFileReference; explicitFileType = archive.ar; includeInIndex = 0; path = "libPods-HHZCategory.a"; sourceTree = BUILT_PRODUCTS_DIR; };
		9FE93A1F3A63751433FBBF49 /* Pods-HHZCategory.debug.xcconfig */ = {isa = PBXFileReference; includeInIndex = 1; lastKnownFileType = text.xcconfig; name = "Pods-HHZCategory.debug.xcconfig"; path = "Pods/Target Support Files/Pods-HHZCategory/Pods-HHZCategory.debug.xcconfig"; sourceTree = "<group>"; };
/* End PBXFileReference section */

/* Begin PBXFrameworksBuildPhase section */
		74A8C6B51F1A1DF300FA1726 /* Frameworks */ = {
			isa = PBXFrameworksBuildPhase;
			buildActionMask = 2147483647;
			files = (
				A1ADD4E08D508D6DEAD442DA /* libPods-HHZCategory.a in Frameworks */,
			);
			runOnlyForDeploymentPostprocessing = 0;
		};
/* End PBXFrameworksBuildPhase section */

/* Begin PBXGroup section */
		65BF1371B6EC2012F4072A2A /* Frameworks */ = {
			isa = PBXGroup;
			children = (
				8939AFA82C4F1B5D406FDEC2 /* libPods-HHZCategory.a */,
			);
			name = Frameworks;
			sourceTree = "<group>";
		};
		74A8C6AF1F1A1DF300FA1726 = {
			isa = PBXGroup;
			children = (
				74A8C6BA1F1A1DF300FA1726 /* HHZCategory */,
				74A8C6B91F1A1DF300FA1726 /* Products */,
				81D439C08A756C42FC6D25ED /* Pods */,
				65BF1371B6EC2012F4072A2A /* Frameworks */,
			);
			sourceTree = "<group>";
		};
		74A8C6B91F1A1DF300FA1726 /* Products */ = {
			isa = PBXGroup;
			children = (
				74A8C6B81F1A1DF300FA1726 /* HHZCategory.app */,
			);
			name = Products;
			sourceTree = "<group>";
		};
		74A8C6BA1F1A1DF300FA1726 /* HHZCategory */ = {
			isa = PBXGroup;
			children = (
				74A8C6D21F1A1F1000FA1726 /* foundation */,
				74A8C6E51F1A1F1000FA1726 /* others */,
				74A8C6E81F1A1F1000FA1726 /* uikit */,
				74A8C6BE1F1A1DF300FA1726 /* AppDelegate.h */,
				74A8C6BF1F1A1DF300FA1726 /* AppDelegate.m */,
				74A8C6C11F1A1DF300FA1726 /* ViewController.h */,
				74A8C6C21F1A1DF300FA1726 /* ViewController.m */,
				74A8C6C41F1A1DF300FA1726 /* Main.storyboard */,
				74A8C6C71F1A1DF300FA1726 /* Assets.xcassets */,
				74A8C6C91F1A1DF300FA1726 /* LaunchScreen.storyboard */,
				74A8C6CC1F1A1DF300FA1726 /* Info.plist */,
				74A8C6BB1F1A1DF300FA1726 /* Supporting Files */,
			);
			path = HHZCategory;
			sourceTree = "<group>";
		};
		74A8C6BB1F1A1DF300FA1726 /* Supporting Files */ = {
			isa = PBXGroup;
			children = (
				74A8C6BC1F1A1DF300FA1726 /* main.m */,
			);
			name = "Supporting Files";
			sourceTree = "<group>";
		};
		74A8C6D21F1A1F1000FA1726 /* foundation */ = {
			isa = PBXGroup;
			children = (
				74A8C6D31F1A1F1000FA1726 /* NSArray+HHZCategory.h */,
				74A8C6D41F1A1F1000FA1726 /* NSArray+HHZCategory.m */,
				74A8C6D51F1A1F1000FA1726 /* NSDictionary+HHZCategory.h */,
				74A8C6D61F1A1F1000FA1726 /* NSDictionary+HHZCategory.m */,
				74A8C6D71F1A1F1000FA1726 /* NSException+HHZCategory.h */,
				74A8C6D81F1A1F1000FA1726 /* NSException+HHZCategory.m */,
				74A8C6D91F1A1F1000FA1726 /* NSNotificationCenter+Category.h */,
				74A8C6DA1F1A1F1000FA1726 /* NSNotificationCenter+Category.m */,
				74A8C6DB1F1A1F1000FA1726 /* NSNull+HHZCategory.h */,
				74A8C6DC1F1A1F1000FA1726 /* NSNull+HHZCategory.m */,
				74A8C6DD1F1A1F1000FA1726 /* NSNumber+HHZCategory.h */,
				74A8C6DE1F1A1F1000FA1726 /* NSNumber+HHZCategory.m */,
				74A8C6DF1F1A1F1000FA1726 /* NSObject+HHZCategory.h */,
				74A8C6E01F1A1F1000FA1726 /* NSObject+HHZCategory.m */,
				74A8C6E11F1A1F1000FA1726 /* NSString+HHZCategory.h */,
				74A8C6E21F1A1F1000FA1726 /* NSString+HHZCategory.m */,
				74A8C6E31F1A1F1000FA1726 /* NSTimer+HHZCategory.h */,
				74A8C6E41F1A1F1000FA1726 /* NSTimer+HHZCategory.m */,
			);
			path = foundation;
			sourceTree = "<group>";
		};
		74A8C6E51F1A1F1000FA1726 /* others */ = {
			isa = PBXGroup;
			children = (
				74A8C6E61F1A1F1000FA1726 /* SDWebImageDownloaderOperation+HHZCategory.h */,
				74A8C6E71F1A1F1000FA1726 /* SDWebImageDownloaderOperation+HHZCategory.m */,
			);
			path = others;
			sourceTree = "<group>";
		};
		74A8C6E81F1A1F1000FA1726 /* uikit */ = {
			isa = PBXGroup;
			children = (
				74A8C6E91F1A1F1000FA1726 /* UIButton+HHZCategory.h */,
				74A8C6EA1F1A1F1000FA1726 /* UIButton+HHZCategory.m */,
				74A8C6EB1F1A1F1000FA1726 /* UIColor+HHZCategory.h */,
				74A8C6EC1F1A1F1000FA1726 /* UIColor+HHZCategory.m */,
				74A8C6ED1F1A1F1000FA1726 /* UIImage+HHZCategory.h */,
				74A8C6EE1F1A1F1000FA1726 /* UIImage+HHZCategory.m */,
				74A8C6EF1F1A1F1000FA1726 /* UIImageView+HHZCategory.h */,
				74A8C6F01F1A1F1000FA1726 /* UIImageView+HHZCategory.m */,
				74A8C6F11F1A1F1000FA1726 /* UILabel+HHZCategory.h */,
				74A8C6F21F1A1F1000FA1726 /* UILabel+HHZCategory.m */,
				74A8C6F31F1A1F1000FA1726 /* UIScreen+Category.h */,
				74A8C6F41F1A1F1000FA1726 /* UIScreen+Category.m */,
				74A8C6F51F1A1F1000FA1726 /* UITableView+HHZCategory.h */,
				74A8C6F61F1A1F1000FA1726 /* UITableView+HHZCategory.m */,
				74A8C6F71F1A1F1000FA1726 /* UIView+HHZCategory.h */,
				74A8C6F81F1A1F1000FA1726 /* UIView+HHZCategory.m */,
			);
			path = uikit;
			sourceTree = "<group>";
		};
		81D439C08A756C42FC6D25ED /* Pods */ = {
			isa = PBXGroup;
			children = (
				9FE93A1F3A63751433FBBF49 /* Pods-HHZCategory.debug.xcconfig */,
				4C23CA547AB9843469BE6BF9 /* Pods-HHZCategory.release.xcconfig */,
			);
			name = Pods;
			sourceTree = "<group>";
		};
/* End PBXGroup section */

/* Begin PBXNativeTarget section */
		74A8C6B71F1A1DF300FA1726 /* HHZCategory */ = {
			isa = PBXNativeTarget;
			buildConfigurationList = 74A8C6CF1F1A1DF300FA1726 /* Build configuration list for PBXNativeTarget "HHZCategory" */;
			buildPhases = (
				DFE3D93B8FA1A6E4514D6D8D /* [CP] Check Pods Manifest.lock */,
				74A8C6B41F1A1DF300FA1726 /* Sources */,
				74A8C6B51F1A1DF300FA1726 /* Frameworks */,
				74A8C6B61F1A1DF300FA1726 /* Resources */,
				2FAB010D1CD97F4CA101C0BE /* [CP] Embed Pods Frameworks */,
				6DC98697BDA07AB334F8B1AF /* [CP] Copy Pods Resources */,
			);
			buildRules = (
			);
			dependencies = (
			);
			name = HHZCategory;
			productName = HHZCategory;
			productReference = 74A8C6B81F1A1DF300FA1726 /* HHZCategory.app */;
			productType = "com.apple.product-type.application";
		};
/* End PBXNativeTarget section */

/* Begin PBXProject section */
		74A8C6B01F1A1DF300FA1726 /* Project object */ = {
			isa = PBXProject;
			attributes = {
				LastUpgradeCheck = 0830;
				ORGANIZATIONNAME = "陈哲是个好孩子";
				TargetAttributes = {
					74A8C6B71F1A1DF300FA1726 = {
						CreatedOnToolsVersion = 8.3.3;
						DevelopmentTeam = P5LP3WSZUP;
						ProvisioningStyle = Automatic;
					};
				};
			};
			buildConfigurationList = 74A8C6B31F1A1DF300FA1726 /* Build configuration list for PBXProject "HHZCategory" */;
			compatibilityVersion = "Xcode 3.2";
			developmentRegion = English;
			hasScannedForEncodings = 0;
			knownRegions = (
				en,
				Base,
			);
			mainGroup = 74A8C6AF1F1A1DF300FA1726;
			productRefGroup = 74A8C6B91F1A1DF300FA1726 /* Products */;
			projectDirPath = "";
			projectRoot = "";
			targets = (
				74A8C6B71F1A1DF300FA1726 /* HHZCategory */,
			);
		};
/* End PBXProject section */

/* Begin PBXResourcesBuildPhase section */
		74A8C6B61F1A1DF300FA1726 /* Resources */ = {
			isa = PBXResourcesBuildPhase;
			buildActionMask = 2147483647;
			files = (
				74A8C6CB1F1A1DF300FA1726 /* LaunchScreen.storyboard in Resources */,
				74A8C6C81F1A1DF300FA1726 /* Assets.xcassets in Resources */,
				74A8C6C61F1A1DF300FA1726 /* Main.storyboard in Resources */,
			);
			runOnlyForDeploymentPostprocessing = 0;
		};
/* End PBXResourcesBuildPhase section */

/* Begin PBXShellScriptBuildPhase section */
		2FAB010D1CD97F4CA101C0BE /* [CP] Embed Pods Frameworks */ = {
			isa = PBXShellScriptBuildPhase;
			buildActionMask = 2147483647;
			files = (
			);
			inputPaths = (
			);
			name = "[CP] Embed Pods Frameworks";
			outputPaths = (
			);
			runOnlyForDeploymentPostprocessing = 0;
			shellPath = /bin/sh;
			shellScript = "\"${SRCROOT}/Pods/Target Support Files/Pods-HHZCategory/Pods-HHZCategory-frameworks.sh\"\n";
			showEnvVarsInLog = 0;
		};
		6DC98697BDA07AB334F8B1AF /* [CP] Copy Pods Resources */ = {
			isa = PBXShellScriptBuildPhase;
			buildActionMask = 2147483647;
			files = (
			);
			inputPaths = (
			);
			name = "[CP] Copy Pods Resources";
			outputPaths = (
			);
			runOnlyForDeploymentPostprocessing = 0;
			shellPath = /bin/sh;
			shellScript = "\"${SRCROOT}/Pods/Target Support Files/Pods-HHZCategory/Pods-HHZCategory-resources.sh\"\n";
			showEnvVarsInLog = 0;
		};
		DFE3D93B8FA1A6E4514D6D8D /* [CP] Check Pods Manifest.lock */ = {
			isa = PBXShellScriptBuildPhase;
			buildActionMask = 2147483647;
			files = (
			);
			inputPaths = (
			);
			name = "[CP] Check Pods Manifest.lock";
			outputPaths = (
			);
			runOnlyForDeploymentPostprocessing = 0;
			shellPath = /bin/sh;
			shellScript = "diff \"${PODS_PODFILE_DIR_PATH}/Podfile.lock\" \"${PODS_ROOT}/Manifest.lock\" > /dev/null\nif [ $? != 0 ] ; then\n    # print error to STDERR\n    echo \"error: The sandbox is not in sync with the Podfile.lock. Run 'pod install' or update your CocoaPods installation.\" >&2\n    exit 1\nfi\n";
			showEnvVarsInLog = 0;
		};
/* End PBXShellScriptBuildPhase section */

/* Begin PBXSourcesBuildPhase section */
		74A8C6B41F1A1DF300FA1726 /* Sources */ = {
			isa = PBXSourcesBuildPhase;
			buildActionMask = 2147483647;
			files = (
				74A8C6C31F1A1DF300FA1726 /* ViewController.m in Sources */,
				74A8C6FB1F1A1F1000FA1726 /* NSException+HHZCategory.m in Sources */,
				74A8C6FF1F1A1F1000FA1726 /* NSObject+HHZCategory.m in Sources */,
				74A8C6FA1F1A1F1000FA1726 /* NSDictionary+HHZCategory.m in Sources */,
				74A8C7051F1A1F1000FA1726 /* UIImage+HHZCategory.m in Sources */,
				74A8C6C01F1A1DF300FA1726 /* AppDelegate.m in Sources */,
				74A8C7081F1A1F1000FA1726 /* UIScreen+Category.m in Sources */,
				74A8C7001F1A1F1000FA1726 /* NSString+HHZCategory.m in Sources */,
				74A8C7041F1A1F1000FA1726 /* UIColor+HHZCategory.m in Sources */,
				74A8C6FC1F1A1F1000FA1726 /* NSNotificationCenter+Category.m in Sources */,
				74A8C70A1F1A1F1000FA1726 /* UIView+HHZCategory.m in Sources */,
				74A8C7071F1A1F1000FA1726 /* UILabel+HHZCategory.m in Sources */,
				74A8C6BD1F1A1DF300FA1726 /* main.m in Sources */,
				74A8C7091F1A1F1000FA1726 /* UITableView+HHZCategory.m in Sources */,
				74A8C6FE1F1A1F1000FA1726 /* NSNumber+HHZCategory.m in Sources */,
				74A8C7061F1A1F1000FA1726 /* UIImageView+HHZCategory.m in Sources */,
				74A8C7011F1A1F1000FA1726 /* NSTimer+HHZCategory.m in Sources */,
				74A8C7021F1A1F1000FA1726 /* SDWebImageDownloaderOperation+HHZCategory.m in Sources */,
				74A8C6FD1F1A1F1000FA1726 /* NSNull+HHZCategory.m in Sources */,
				74A8C7031F1A1F1000FA1726 /* UIButton+HHZCategory.m in Sources */,
				74A8C6F91F1A1F1000FA1726 /* NSArray+HHZCategory.m in Sources */,
			);
			runOnlyForDeploymentPostprocessing = 0;
		};
/* End PBXSourcesBuildPhase section */

/* Begin PBXVariantGroup section */
		74A8C6C41F1A1DF300FA1726 /* Main.storyboard */ = {
			isa = PBXVariantGroup;
			children = (
				74A8C6C51F1A1DF300FA1726 /* Base */,
			);
			name = Main.storyboard;
			sourceTree = "<group>";
		};
		74A8C6C91F1A1DF300FA1726 /* LaunchScreen.storyboard */ = {
			isa = PBXVariantGroup;
			children = (
				74A8C6CA1F1A1DF300FA1726 /* Base */,
			);
			name = LaunchScreen.storyboard;
			sourceTree = "<group>";
		};
/* End PBXVariantGroup section */

/* Begin XCBuildConfiguration section */
		74A8C6CD1F1A1DF300FA1726 /* Debug */ = {
			isa = XCBuildConfiguration;
			buildSettings = {
				ALWAYS_SEARCH_USER_PATHS = NO;
				CLANG_ANALYZER_NONNULL = YES;
				CLANG_ANALYZER_NUMBER_OBJECT_CONVERSION = YES_AGGRESSIVE;
				CLANG_CXX_LANGUAGE_STANDARD = "gnu++0x";
				CLANG_CXX_LIBRARY = "libc++";
				CLANG_ENABLE_MODULES = YES;
				CLANG_ENABLE_OBJC_ARC = YES;
				CLANG_WARN_BOOL_CONVERSION = YES;
				CLANG_WARN_CONSTANT_CONVERSION = YES;
				CLANG_WARN_DIRECT_OBJC_ISA_USAGE = YES_ERROR;
				CLANG_WARN_DOCUMENTATION_COMMENTS = YES;
				CLANG_WARN_EMPTY_BODY = YES;
				CLANG_WARN_ENUM_CONVERSION = YES;
				CLANG_WARN_INFINITE_RECURSION = YES;
				CLANG_WARN_INT_CONVERSION = YES;
				CLANG_WARN_OBJC_ROOT_CLASS = YES_ERROR;
				CLANG_WARN_SUSPICIOUS_MOVE = YES;
				CLANG_WARN_UNREACHABLE_CODE = YES;
				CLANG_WARN__DUPLICATE_METHOD_MATCH = YES;
				"CODE_SIGN_IDENTITY[sdk=iphoneos*]" = "iPhone Developer";
				COPY_PHASE_STRIP = NO;
				DEBUG_INFORMATION_FORMAT = dwarf;
				ENABLE_STRICT_OBJC_MSGSEND = YES;
				ENABLE_TESTABILITY = YES;
				GCC_C_LANGUAGE_STANDARD = gnu99;
				GCC_DYNAMIC_NO_PIC = NO;
				GCC_NO_COMMON_BLOCKS = YES;
				GCC_OPTIMIZATION_LEVEL = 0;
				GCC_PREPROCESSOR_DEFINITIONS = (
					"DEBUG=1",
					"$(inherited)",
				);
				GCC_WARN_64_TO_32_BIT_CONVERSION = YES;
				GCC_WARN_ABOUT_RETURN_TYPE = YES_ERROR;
				GCC_WARN_UNDECLARED_SELECTOR = YES;
				GCC_WARN_UNINITIALIZED_AUTOS = YES_AGGRESSIVE;
				GCC_WARN_UNUSED_FUNCTION = YES;
				GCC_WARN_UNUSED_VARIABLE = YES;
				IPHONEOS_DEPLOYMENT_TARGET = 10.3;
				MTL_ENABLE_DEBUG_INFO = YES;
				ONLY_ACTIVE_ARCH = YES;
				SDKROOT = iphoneos;
			};
			name = Debug;
		};
		74A8C6CE1F1A1DF300FA1726 /* Release */ = {
			isa = XCBuildConfiguration;
			buildSettings = {
				ALWAYS_SEARCH_USER_PATHS = NO;
				CLANG_ANALYZER_NONNULL = YES;
				CLANG_ANALYZER_NUMBER_OBJECT_CONVERSION = YES_AGGRESSIVE;
				CLANG_CXX_LANGUAGE_STANDARD = "gnu++0x";
				CLANG_CXX_LIBRARY = "libc++";
				CLANG_ENABLE_MODULES = YES;
				CLANG_ENABLE_OBJC_ARC = YES;
				CLANG_WARN_BOOL_CONVERSION = YES;
				CLANG_WARN_CONSTANT_CONVERSION = YES;
				CLANG_WARN_DIRECT_OBJC_ISA_USAGE = YES_ERROR;
				CLANG_WARN_DOCUMENTATION_COMMENTS = YES;
				CLANG_WARN_EMPTY_BODY = YES;
				CLANG_WARN_ENUM_CONVERSION = YES;
				CLANG_WARN_INFINITE_RECURSION = YES;
				CLANG_WARN_INT_CONVERSION = YES;
				CLANG_WARN_OBJC_ROOT_CLASS = YES_ERROR;
				CLANG_WARN_SUSPICIOUS_MOVE = YES;
				CLANG_WARN_UNREACHABLE_CODE = YES;
				CLANG_WARN__DUPLICATE_METHOD_MATCH = YES;
				"CODE_SIGN_IDENTITY[sdk=iphoneos*]" = "iPhone Developer";
				COPY_PHASE_STRIP = NO;
				DEBUG_INFORMATION_FORMAT = "dwarf-with-dsym";
				ENABLE_NS_ASSERTIONS = NO;
				ENABLE_STRICT_OBJC_MSGSEND = YES;
				GCC_C_LANGUAGE_STANDARD = gnu99;
				GCC_NO_COMMON_BLOCKS = YES;
				GCC_WARN_64_TO_32_BIT_CONVERSION = YES;
				GCC_WARN_ABOUT_RETURN_TYPE = YES_ERROR;
				GCC_WARN_UNDECLARED_SELECTOR = YES;
				GCC_WARN_UNINITIALIZED_AUTOS = YES_AGGRESSIVE;
				GCC_WARN_UNUSED_FUNCTION = YES;
				GCC_WARN_UNUSED_VARIABLE = YES;
				IPHONEOS_DEPLOYMENT_TARGET = 10.3;
				MTL_ENABLE_DEBUG_INFO = NO;
				SDKROOT = iphoneos;
				VALIDATE_PRODUCT = YES;
			};
			name = Release;
		};
		74A8C6D01F1A1DF300FA1726 /* Debug */ = {
			isa = XCBuildConfiguration;
			baseConfigurationReference = 9FE93A1F3A63751433FBBF49 /* Pods-HHZCategory.debug.xcconfig */;
			buildSettings = {
				ASSETCATALOG_COMPILER_APPICON_NAME = AppIcon;
				DEVELOPMENT_TEAM = P5LP3WSZUP;
				INFOPLIST_FILE = HHZCategory/Info.plist;
				LD_RUNPATH_SEARCH_PATHS = "$(inherited) @executable_path/Frameworks";
				PRODUCT_BUNDLE_IDENTIFIER = com.chenzhe.HHZCategory;
				PRODUCT_NAME = "$(TARGET_NAME)";
			};
			name = Debug;
		};
		74A8C6D11F1A1DF300FA1726 /* Release */ = {
			isa = XCBuildConfiguration;
			baseConfigurationReference = 4C23CA547AB9843469BE6BF9 /* Pods-HHZCategory.release.xcconfig */;
			buildSettings = {
				ASSETCATALOG_COMPILER_APPICON_NAME = AppIcon;
				DEVELOPMENT_TEAM = P5LP3WSZUP;
				INFOPLIST_FILE = HHZCategory/Info.plist;
				LD_RUNPATH_SEARCH_PATHS = "$(inherited) @executable_path/Frameworks";
				PRODUCT_BUNDLE_IDENTIFIER = com.chenzhe.HHZCategory;
				PRODUCT_NAME = "$(TARGET_NAME)";
			};
			name = Release;
		};
/* End XCBuildConfiguration section */

/* Begin XCConfigurationList section */
		74A8C6B31F1A1DF300FA1726 /* Build configuration list for PBXProject "HHZCategory" */ = {
			isa = XCConfigurationList;
			buildConfigurations = (
				74A8C6CD1F1A1DF300FA1726 /* Debug */,
				74A8C6CE1F1A1DF300FA1726 /* Release */,
			);
			defaultConfigurationIsVisible = 0;
			defaultConfigurationName = Release;
		};
		74A8C6CF1F1A1DF300FA1726 /* Build configuration list for PBXNativeTarget "HHZCategory" */ = {
			isa = XCConfigurationList;
			buildConfigurations = (
				74A8C6D01F1A1DF300FA1726 /* Debug */,
				74A8C6D11F1A1DF300FA1726 /* Release */,
			);
			defaultConfigurationIsVisible = 0;
			defaultConfigurationName = Release;
		};
/* End XCConfigurationList section */
	};
	rootObject = 74A8C6B01F1A1DF300FA1726 /* Project object */;
}
